
Microsoft Visual Studio Solution File, Format Version 12.00
# Visual Studio 15
VisualStudioVersion = 15.0.28010.2036
MinimumVisualStudioVersion = 10.0.40219.1
Project("{FAE04EC0-301F-11D3-BF4B-00C04F79EFBC}") = "SelectionListViewPrism", "SelectionListViewPrism\SelectionListViewPrism.csproj", "{2D871217-3F13-4A32-A469-1525F7093A87}"
EndProject
Project("{FAE04EC0-301F-11D3-BF4B-00C04F79EFBC}") = "SelectionListViewPrismTests", "SelectionListViewPrismTests\SelectionListViewPrismTests.csproj", "{C2DF335F-1877-4D8D-AD6B-E2BDFF9E7E56}"
EndProject
Global
	GlobalSection(SolutionConfigurationPlatforms) = preSolution
		Debug|Any CPU = Debug|Any CPU
		Release|Any CPU = Release|Any CPU
	EndGlobalSection
	GlobalSection(ProjectConfigurationPlatforms) = postSolution
		{2D871217-3F13-4A32-A469-1525F7093A87}.Debug|Any CPU.ActiveCfg = Debug|Any CPU
		{2D871217-3F13-4A32-A469-1525F7093A87}.Debug|Any CPU.Build.0 = Debug|Any CPU
		{2D871217-3F13-4A32-A469-1525F7093A87}.Release|Any CPU.ActiveCfg = Release|Any CPU
		{2D871217-3F13-4A32-A469-1525F7093A87}.Release|Any CPU.Build.0 = Release|Any CPU
		{C2DF335F-1877-4D8D-AD6B-E2BDFF9E7E56}.Debug|Any CPU.ActiveCfg = Debug|Any CPU
		{C2DF335F-1877-4D8D-AD6B-E2BDFF9E7E56}.Debug|Any CPU.Build.0 = Debug|Any CPU
		{C2DF335F-1877-4D8D-AD6B-E2BDFF9E7E56}.Release|Any CPU.ActiveCfg = Release|Any CPU
		{C2DF335F-1877-4D8D-AD6B-E2BDFF9E7E56}.Release|Any CPU.Build.0 = Release|Any CPU
	EndGlobalSection
	GlobalSection(SolutionProperties) = preSolution
		HideSolutionNode = FALSE
	EndGlobalSection
	GlobalSection(ExtensibilityGlobals) = postSolution
		SolutionGuid = {FA3738FE-D1FB-43FC-B00D-24E7EC3B396C}
	EndGlobalSection
EndGlobal
